
Microsoft Visual Studio Solution File, Format Version 12.00
# Visual Studio 15
VisualStudioVersion = 15.0.27703.2042
MinimumVisualStudioVersion = 10.0.40219.1
Project("{FAE04EC0-301F-11D3-BF4B-00C04F79EFBC}") = "UnitTestApp", "UnitTestApp\UnitTestApp.csproj", "{52FF9C68-6F1E-427F-B595-20C3B729B333}"
EndProject
Project("{FAE04EC0-301F-11D3-BF4B-00C04F79EFBC}") = "UnitTestApp.Tests", "UnitTestApp.Tests\UnitTestApp.Tests.csproj", "{26A457D6-037F-4A9F-8985-BEC3BEA12361}"
EndProject
Global
	GlobalSection(SolutionConfigurationPlatforms) = preSolution
		Debug|Any CPU = Debug|Any CPU
		Release|Any CPU = Release|Any CPU
	EndGlobalSection
	GlobalSection(ProjectConfigurationPlatforms) = postSolution
		{52FF9C68-6F1E-427F-B595-20C3B729B333}.Debug|Any CPU.ActiveCfg = Debug|Any CPU
		{52FF9C68-6F1E-427F-B595-20C3B729B333}.Debug|Any CPU.Build.0 = Debug|Any CPU
		{52FF9C68-6F1E-427F-B595-20C3B729B333}.Release|Any CPU.ActiveCfg = Release|Any CPU
		{52FF9C68-6F1E-427F-B595-20C3B729B333}.Release|Any CPU.Build.0 = Release|Any CPU
		{26A457D6-037F-4A9F-8985-BEC3BEA12361}.Debug|Any CPU.ActiveCfg = Debug|Any CPU
		{26A457D6-037F-4A9F-8985-BEC3BEA12361}.Debug|Any CPU.Build.0 = Debug|Any CPU
		{26A457D6-037F-4A9F-8985-BEC3BEA12361}.Release|Any CPU.ActiveCfg = Release|Any CPU
		{26A457D6-037F-4A9F-8985-BEC3BEA12361}.Release|Any CPU.Build.0 = Release|Any CPU
	EndGlobalSection
	GlobalSection(SolutionProperties) = preSolution
		HideSolutionNode = FALSE
	EndGlobalSection
	GlobalSection(ExtensibilityGlobals) = postSolution
		SolutionGuid = {415BDC43-6852-42F1-80B9-338D8D4CD817}
	EndGlobalSection
EndGlobal
